
Microsoft Visual Studio Solution File, Format Version 12.00
# Visual Studio 15
VisualStudioVersion = 15.0.28307.271
MinimumVisualStudioVersion = 10.0.40219.1
Project("{FAE04EC0-301F-11D3-BF4B-00C04F79EFBC}") = "EndOfLineCleaner", "EndOfLineCleaner\EndOfLineCleaner.csproj", "{CD257457-8464-464D-9A20-58959DCE13CB}"
EndProject
Global
	GlobalSection(SolutionConfigurationPlatforms) = preSolution
		Debug|Any CPU = Debug|Any CPU
		Release|Any CPU = Release|Any CPU
	EndGlobalSection
	GlobalSection(ProjectConfigurationPlatforms) = postSolution
		{CD257457-8464-464D-9A20-58959DCE13CB}.Debug|Any CPU.ActiveCfg = Debug|Any CPU
		{CD257457-8464-464D-9A20-58959DCE13CB}.Debug|Any CPU.Build.0 = Debug|Any CPU
		{CD257457-8464-464D-9A20-58959DCE13CB}.Release|Any CPU.ActiveCfg = Release|Any CPU
		{CD257457-8464-464D-9A20-58959DCE13CB}.Release|Any CPU.Build.0 = Release|Any CPU
	EndGlobalSection
	GlobalSection(SolutionProperties) = preSolution
		HideSolutionNode = FALSE
	EndGlobalSection
	GlobalSection(ExtensibilityGlobals) = postSolution
		SolutionGuid = {1744FC03-51A4-490A-A273-DC97035D5FF5}
	EndGlobalSection
EndGlobal
